
Microsoft Visual Studio Solution File, Format Version 12.00
# Visual Studio Version 16
VisualStudioVersion = 16.0.30523.141
MinimumVisualStudioVersion = 10.0.40219.1
Project("{FAE04EC0-301F-11D3-BF4B-00C04F79EFBC}") = "AdventCode20", "AdventCode20\AdventCode20.csproj", "{D737939F-C8C7-48E6-8A64-8D601B685C47}"
EndProject
Global
	GlobalSection(SolutionConfigurationPlatforms) = preSolution
		Debug|Any CPU = Debug|Any CPU
		Release|Any CPU = Release|Any CPU
	EndGlobalSection
	GlobalSection(ProjectConfigurationPlatforms) = postSolution
		{D737939F-C8C7-48E6-8A64-8D601B685C47}.Debug|Any CPU.ActiveCfg = Debug|Any CPU
		{D737939F-C8C7-48E6-8A64-8D601B685C47}.Debug|Any CPU.Build.0 = Debug|Any CPU
		{D737939F-C8C7-48E6-8A64-8D601B685C47}.Release|Any CPU.ActiveCfg = Release|Any CPU
		{D737939F-C8C7-48E6-8A64-8D601B685C47}.Release|Any CPU.Build.0 = Release|Any CPU
	EndGlobalSection
	GlobalSection(SolutionProperties) = preSolution
		HideSolutionNode = FALSE
	EndGlobalSection
	GlobalSection(ExtensibilityGlobals) = postSolution
		SolutionGuid = {569BB365-DF52-4C0E-AD92-1EE6B23BD7AA}
	EndGlobalSection
EndGlobal
